
Microsoft Visual Studio Solution File, Format Version 12.00
# Visual Studio Version 17
VisualStudioVersion = 17.9.34607.119
MinimumVisualStudioVersion = 10.0.40219.1
Project("{8BC9CEB8-8B4A-11D0-8D11-00A0C91BC942}") = "OOP_InitializitionList", "OOP_InitializitionList.vcxproj", "{A90F63F0-2F1E-49DA-ABC1-093A2B16690B}"
EndProject
Global
	GlobalSection(SolutionConfigurationPlatforms) = preSolution
		Debug|x64 = Debug|x64
		Debug|x86 = Debug|x86
		Release|x64 = Release|x64
		Release|x86 = Release|x86
	EndGlobalSection
	GlobalSection(ProjectConfigurationPlatforms) = postSolution
		{A90F63F0-2F1E-49DA-ABC1-093A2B16690B}.Debug|x64.ActiveCfg = Debug|x64
		{A90F63F0-2F1E-49DA-ABC1-093A2B16690B}.Debug|x64.Build.0 = Debug|x64
		{A90F63F0-2F1E-49DA-ABC1-093A2B16690B}.Debug|x86.ActiveCfg = Debug|Win32
		{A90F63F0-2F1E-49DA-ABC1-093A2B16690B}.Debug|x86.Build.0 = Debug|Win32
		{A90F63F0-2F1E-49DA-ABC1-093A2B16690B}.Release|x64.ActiveCfg = Release|x64
		{A90F63F0-2F1E-49DA-ABC1-093A2B16690B}.Release|x64.Build.0 = Release|x64
		{A90F63F0-2F1E-49DA-ABC1-093A2B16690B}.Release|x86.ActiveCfg = Release|Win32
		{A90F63F0-2F1E-49DA-ABC1-093A2B16690B}.Release|x86.Build.0 = Release|Win32
	EndGlobalSection
	GlobalSection(SolutionProperties) = preSolution
		HideSolutionNode = FALSE
	EndGlobalSection
	GlobalSection(ExtensibilityGlobals) = postSolution
		SolutionGuid = {1863975C-6EEB-4BAE-A184-5B41E8DD40A7}
	EndGlobalSection
EndGlobal
